
Microsoft Visual Studio Solution File, Format Version 12.00
# Visual Studio Version 17
VisualStudioVersion = 17.0.31825.309
MinimumVisualStudioVersion = 10.0.40219.1
Project("{888888A0-9F3D-457C-B088-3A5042F75D52}") = "Magic-League-2", "Magic-League-2\Magic-League-2.pyproj", "{B1064289-4F3A-473D-A947-D58C1F22046B}"
EndProject
Global
	GlobalSection(SolutionConfigurationPlatforms) = preSolution
		Debug|Any CPU = Debug|Any CPU
		Release|Any CPU = Release|Any CPU
	EndGlobalSection
	GlobalSection(ProjectConfigurationPlatforms) = postSolution
		{B1064289-4F3A-473D-A947-D58C1F22046B}.Debug|Any CPU.ActiveCfg = Debug|Any CPU
		{B1064289-4F3A-473D-A947-D58C1F22046B}.Release|Any CPU.ActiveCfg = Release|Any CPU
	EndGlobalSection
	GlobalSection(SolutionProperties) = preSolution
		HideSolutionNode = FALSE
	EndGlobalSection
	GlobalSection(ExtensibilityGlobals) = postSolution
		SolutionGuid = {12A4EF0D-EC90-4BA8-8449-6F7C7076B4D8}
	EndGlobalSection
EndGlobal
